github.com/chrisns/paparazzogo v0.0.0-20230306164133-c77b4f02561b h1:e7Cwy4TwQAqK7OG80DgetAZ7znkBhSIyi1PP3nM1N54=
github.com/chrisns/paparazzogo v0.0.0-20230306164133-c77b4f02561b/go.mod h1:5KLP2akso+MneF+JgcKHuVIpOENXX61r76kr1XgOIMY=
github.com/chrisns/paparazzogo v0.0.0-20230306175438-85e156841289 h1:4nVDyCKxZipRikdZJExKdYLTmzqe5I7ibKuR/t9SB+c=
github.com/chrisns/paparazzogo v0.0.0-20230306175438-85e156841289/go.mod h1:5KLP2akso+MneF+JgcKHuVIpOENXX61r76kr1XgOIMY=
